// !$*UTF8*$!
{
	archiveVersion = 1;
	classes = {
	};
	objectVersion = 46;
	objects = {

/* Begin PBXBuildFile section */
		37629A3E18D533E600D2EF59 /* Foundation.framework in Frameworks */ = {isa = PBXBuildFile; fileRef = 37629A3D18D533E600D2EF59 /* Foundation.framework */; };
		37629A4018D533E600D2EF59 /* CoreGraphics.framework in Frameworks */ = {isa = PBXBuildFile; fileRef = 37629A3F18D533E600D2EF59 /* CoreGraphics.framework */; };
		37629A4218D533E600D2EF59 /* UIKit.framework in Frameworks */ = {isa = PBXBuildFile; fileRef = 37629A4118D533E600D2EF59 /* UIKit.framework */; };
		37629A4818D533E600D2EF59 /* InfoPlist.strings in Resources */ = {isa = PBXBuildFile; fileRef = 37629A4618D533E600D2EF59 /* InfoPlist.strings */; };
		37629A4A18D533E600D2EF59 /* main.m in Sources */ = {isa = PBXBuildFile; fileRef = 37629A4918D533E600D2EF59 /* main.m */; };
		37629A4E18D533E600D2EF59 /* AMBAppDelegate.m in Sources */ = {isa = PBXBuildFile; fileRef = 37629A4D18D533E600D2EF59 /* AMBAppDelegate.m */; };
		37629A5118D533E600D2EF59 /* Main.storyboard in Resources */ = {isa = PBXBuildFile; fileRef = 37629A4F18D533E600D2EF59 /* Main.storyboard */; };
		37629A5418D533E600D2EF59 /* AMBViewController.m in Sources */ = {isa = PBXBuildFile; fileRef = 37629A5318D533E600D2EF59 /* AMBViewController.m */; };
		37629A5618D533E600D2EF59 /* Images.xcassets in Resources */ = {isa = PBXBuildFile; fileRef = 37629A5518D533E600D2EF59 /* Images.xcassets */; };
		37629A5D18D533E600D2EF59 /* XCTest.framework in Frameworks */ = {isa = PBXBuildFile; fileRef = 37629A5C18D533E600D2EF59 /* XCTest.framework */; };
		37629A5E18D533E600D2EF59 /* Foundation.framework in Frameworks */ = {isa = PBXBuildFile; fileRef = 37629A3D18D533E600D2EF59 /* Foundation.framework */; };
		37629A5F18D533E600D2EF59 /* UIKit.framework in Frameworks */ = {isa = PBXBuildFile; fileRef = 37629A4118D533E600D2EF59 /* UIKit.framework */; };
		37629A6718D533E600D2EF59 /* InfoPlist.strings in Resources */ = {isa = PBXBuildFile; fileRef = 37629A6518D533E600D2EF59 /* InfoPlist.strings */; };
		37629A6918D533E600D2EF59 /* ChatTests.m in Sources */ = {isa = PBXBuildFile; fileRef = 37629A6818D533E600D2EF59 /* ChatTests.m */; };
		37629A7718D549C000D2EF59 /* SystemConfiguration.framework in Frameworks */ = {isa = PBXBuildFile; fileRef = 37629A7618D549C000D2EF59 /* SystemConfiguration.framework */; };
		37629A7918D549E300D2EF59 /* MobileCoreServices.framework in Frameworks */ = {isa = PBXBuildFile; fileRef = 37629A7818D549E300D2EF59 /* MobileCoreServices.framework */; };
		A33FFFF618D55B5300B920F6 /* Parse.framework in Frameworks */ = {isa = PBXBuildFile; fileRef = A33FFFF418D55AF300B920F6 /* Parse.framework */; };
/* End PBXBuildFile section */

/* Begin PBXContainerItemProxy section */
		37629A6018D533E600D2EF59 /* PBXContainerItemProxy */ = {
			isa = PBXContainerItemProxy;
			containerPortal = 37629A3218D533E600D2EF59 /* Project object */;
			proxyType = 1;
			remoteGlobalIDString = 37629A3918D533E600D2EF59;
			remoteInfo = Chat;
		};
/* End PBXContainerItemProxy section */

/* Begin PBXFileReference section */
		37629A3A18D533E600D2EF59 /* Chat.app */ = {isa = PBXFileReference; explicitFileType = wrapper.application; includeInIndex = 0; path = Chat.app; sourceTree = BUILT_PRODUCTS_DIR; };
		37629A3D18D533E600D2EF59 /* Foundation.framework */ = {isa = PBXFileReference; lastKnownFileType = wrapper.framework; name = Foundation.framework; path = System/Library/Frameworks/Foundation.framework; sourceTree = SDKROOT; };
		37629A3F18D533E600D2EF59 /* CoreGraphics.framework */ = {isa = PBXFileReference; lastKnownFileType = wrapper.framework; name = CoreGraphics.framework; path = System/Library/Frameworks/CoreGraphics.framework; sourceTree = SDKROOT; };
		37629A4118D533E600D2EF59 /* UIKit.framework */ = {isa = PBXFileReference; lastKnownFileType = wrapper.framework; name = UIKit.framework; path = System/Library/Frameworks/UIKit.framework; sourceTree = SDKROOT; };
		37629A4518D533E600D2EF59 /* Chat-Info.plist */ = {isa = PBXFileReference; lastKnownFileType = text.plist.xml; path = "Chat-Info.plist"; sourceTree = "<group>"; };
		37629A4718D533E600D2EF59 /* en */ = {isa = PBXFileReference; lastKnownFileType = text.plist.strings; name = en; path = en.lproj/InfoPlist.strings; sourceTree = "<group>"; };
		37629A4918D533E600D2EF59 /* main.m */ = {isa = PBXFileReference; lastKnownFileType = sourcecode.c.objc; path = main.m; sourceTree = "<group>"; };
		37629A4B18D533E600D2EF59 /* Chat-Prefix.pch */ = {isa = PBXFileReference; lastKnownFileType = sourcecode.c.h; path = "Chat-Prefix.pch"; sourceTree = "<group>"; };
		37629A4C18D533E600D2EF59 /* AMBAppDelegate.h */ = {isa = PBXFileReference; lastKnownFileType = sourcecode.c.h; path = AMBAppDelegate.h; sourceTree = "<group>"; };
		37629A4D18D533E600D2EF59 /* AMBAppDelegate.m */ = {isa = PBXFileReference; lastKnownFileType = sourcecode.c.objc; path = AMBAppDelegate.m; sourceTree = "<group>"; };
		37629A5018D533E600D2EF59 /* Base */ = {isa = PBXFileReference; lastKnownFileType = file.storyboard; name = Base; path = Base.lproj/Main.storyboard; sourceTree = "<group>"; };
		37629A5218D533E600D2EF59 /* AMBViewController.h */ = {isa = PBXFileReference; lastKnownFileType = sourcecode.c.h; path = AMBViewController.h; sourceTree = "<group>"; };
		37629A5318D533E600D2EF59 /* AMBViewController.m */ = {isa = PBXFileReference; lastKnownFileType = sourcecode.c.objc; path = AMBViewController.m; sourceTree = "<group>"; };
		37629A5518D533E600D2EF59 /* Images.xcassets */ = {isa = PBXFileReference; lastKnownFileType = folder.assetcatalog; path = Images.xcassets; sourceTree = "<group>"; };
		37629A5B18D533E600D2EF59 /* ChatTests.xctest */ = {isa = PBXFileReference; explicitFileType = wrapper.cfbundle; includeInIndex = 0; path = ChatTests.xctest; sourceTree = BUILT_PRODUCTS_DIR; };
		37629A5C18D533E600D2EF59 /* XCTest.framework */ = {isa = PBXFileReference; lastKnownFileType = wrapper.framework; name = XCTest.framework; path = Library/Frameworks/XCTest.framework; sourceTree = DEVELOPER_DIR; };
		37629A6418D533E600D2EF59 /* ChatTests-Info.plist */ = {isa = PBXFileReference; lastKnownFileType = text.plist.xml; path = "ChatTests-Info.plist"; sourceTree = "<group>"; };
		37629A6618D533E600D2EF59 /* en */ = {isa = PBXFileReference; lastKnownFileType = text.plist.strings; name = en; path = en.lproj/InfoPlist.strings; sourceTree = "<group>"; };
		37629A6818D533E600D2EF59 /* ChatTests.m */ = {isa = PBXFileReference; lastKnownFileType = sourcecode.c.objc; path = ChatTests.m; sourceTree = "<group>"; };
		37629A7418D5496F00D2EF59 /* CFNetwork.framework */ = {isa = PBXFileReference; lastKnownFileType = wrapper.framework; name = CFNetwork.framework; path = System/Library/Frameworks/CFNetwork.framework; sourceTree = SDKROOT; };
		37629A7618D549C000D2EF59 /* SystemConfiguration.framework */ = {isa = PBXFileReference; lastKnownFileType = wrapper.framework; name = SystemConfiguration.framework; path = System/Library/Frameworks/SystemConfiguration.framework; sourceTree = SDKROOT; };
		37629A7818D549E300D2EF59 /* MobileCoreServices.framework */ = {isa = PBXFileReference; lastKnownFileType = wrapper.framework; name = MobileCoreServices.framework; path = System/Library/Frameworks/MobileCoreServices.framework; sourceTree = SDKROOT; };
		A33FFFF418D55AF300B920F6 /* Parse.framework */ = {isa = PBXFileReference; lastKnownFileType = wrapper.framework; path = Parse.framework; sourceTree = "<group>"; };
/* End PBXFileReference section */

/* Begin PBXFrameworksBuildPhase section */
		37629A3718D533E600D2EF59 /* Frameworks */ = {
			isa = PBXFrameworksBuildPhase;
			buildActionMask = 2147483647;
			files = (
				A33FFFF618D55B5300B920F6 /* Parse.framework in Frameworks */,
				37629A7918D549E300D2EF59 /* MobileCoreServices.framework in Frameworks */,
				37629A7718D549C000D2EF59 /* SystemConfiguration.framework in Frameworks */,
				37629A4018D533E600D2EF59 /* CoreGraphics.framework in Frameworks */,
				37629A4218D533E600D2EF59 /* UIKit.framework in Frameworks */,
				37629A3E18D533E600D2EF59 /* Foundation.framework in Frameworks */,
			);
			runOnlyForDeploymentPostprocessing = 0;
		};
		37629A5818D533E600D2EF59 /* Frameworks */ = {
			isa = PBXFrameworksBuildPhase;
			buildActionMask = 2147483647;
			files = (
				37629A5D18D533E600D2EF59 /* XCTest.framework in Frameworks */,
				37629A5F18D533E600D2EF59 /* UIKit.framework in Frameworks */,
				37629A5E18D533E600D2EF59 /* Foundation.framework in Frameworks */,
			);
			runOnlyForDeploymentPostprocessing = 0;
		};
/* End PBXFrameworksBuildPhase section */

/* Begin PBXGroup section */
		37629A3118D533E600D2EF59 = {
			isa = PBXGroup;
			children = (
				37629A4318D533E600D2EF59 /* Chat */,
				37629A6218D533E600D2EF59 /* ChatTests */,
				37629A3C18D533E600D2EF59 /* Frameworks */,
				37629A3B18D533E600D2EF59 /* Products */,
			);
			sourceTree = "<group>";
		};
		37629A3B18D533E600D2EF59 /* Products */ = {
			isa = PBXGroup;
			children = (
				37629A3A18D533E600D2EF59 /* Chat.app */,
				37629A5B18D533E600D2EF59 /* ChatTests.xctest */,
			);
			name = Products;
			sourceTree = "<group>";
		};
		37629A3C18D533E600D2EF59 /* Frameworks */ = {
			isa = PBXGroup;
			children = (
				A33FFFF418D55AF300B920F6 /* Parse.framework */,
				37629A7818D549E300D2EF59 /* MobileCoreServices.framework */,
				37629A7618D549C000D2EF59 /* SystemConfiguration.framework */,
				37629A7418D5496F00D2EF59 /* CFNetwork.framework */,
				37629A3D18D533E600D2EF59 /* Foundation.framework */,
				37629A3F18D533E600D2EF59 /* CoreGraphics.framework */,
				37629A4118D533E600D2EF59 /* UIKit.framework */,
				37629A5C18D533E600D2EF59 /* XCTest.framework */,
			);
			name = Frameworks;
			sourceTree = "<group>";
		};
		37629A4318D533E600D2EF59 /* Chat */ = {
			isa = PBXGroup;
			children = (
				37629A4C18D533E600D2EF59 /* AMBAppDelegate.h */,
				37629A4D18D533E600D2EF59 /* AMBAppDelegate.m */,
				37629A4F18D533E600D2EF59 /* Main.storyboard */,
				37629A5218D533E600D2EF59 /* AMBViewController.h */,
				37629A5318D533E600D2EF59 /* AMBViewController.m */,
				37629A5518D533E600D2EF59 /* Images.xcassets */,
				37629A4418D533E600D2EF59 /* Supporting Files */,
			);
			path = Chat;
			sourceTree = "<group>";
		};
		37629A4418D533E600D2EF59 /* Supporting Files */ = {
			isa = PBXGroup;
			children = (
				37629A4518D533E600D2EF59 /* Chat-Info.plist */,
				37629A4618D533E600D2EF59 /* InfoPlist.strings */,
				37629A4918D533E600D2EF59 /* main.m */,
				37629A4B18D533E600D2EF59 /* Chat-Prefix.pch */,
			);
			name = "Supporting Files";
			sourceTree = "<group>";
		};
		37629A6218D533E600D2EF59 /* ChatTests */ = {
			isa = PBXGroup;
			children = (
				37629A6818D533E600D2EF59 /* ChatTests.m */,
				37629A6318D533E600D2EF59 /* Supporting Files */,
			);
			path = ChatTests;
			sourceTree = "<group>";
		};
		37629A6318D533E600D2EF59 /* Supporting Files */ = {
			isa = PBXGroup;
			children = (
				37629A6418D533E600D2EF59 /* ChatTests-Info.plist */,
				37629A6518D533E600D2EF59 /* InfoPlist.strings */,
			);
			name = "Supporting Files";
			sourceTree = "<group>";
		};
/* End PBXGroup section */

/* Begin PBXNativeTarget section */
		37629A3918D533E600D2EF59 /* Chat */ = {
			isa = PBXNativeTarget;
			buildConfigurationList = 37629A6C18D533E600D2EF59 /* Build configuration list for PBXNativeTarget "Chat" */;
			buildPhases = (
				37629A3618D533E600D2EF59 /* Sources */,
				37629A3718D533E600D2EF59 /* Frameworks */,
				37629A3818D533E600D2EF59 /* Resources */,
			);
			buildRules = (
			);
			dependencies = (
			);
			name = Chat;
			productName = Chat;
			productReference = 37629A3A18D533E600D2EF59 /* Chat.app */;
			productType = "com.apple.product-type.application";
		};
		37629A5A18D533E600D2EF59 /* ChatTests */ = {
			isa = PBXNativeTarget;
			buildConfigurationList = 37629A6F18D533E600D2EF59 /* Build configuration list for PBXNativeTarget "ChatTests" */;
			buildPhases = (
				37629A5718D533E600D2EF59 /* Sources */,
				37629A5818D533E600D2EF59 /* Frameworks */,
				37629A5918D533E600D2EF59 /* Resources */,
			);
			buildRules = (
			);
			dependencies = (
				37629A6118D533E600D2EF59 /* PBXTargetDependency */,
			);
			name = ChatTests;
			productName = ChatTests;
			productReference = 37629A5B18D533E600D2EF59 /* ChatTests.xctest */;
			productType = "com.apple.product-type.bundle.unit-test";
		};
/* End PBXNativeTarget section */

/* Begin PBXProject section */
		37629A3218D533E600D2EF59 /* Project object */ = {
			isa = PBXProject;
			attributes = {
				CLASSPREFIX = AMB;
				LastUpgradeCheck = 0510;
				ORGANIZATIONNAME = "Stephen Visser";
				TargetAttributes = {
					37629A3918D533E600D2EF59 = {
						DevelopmentTeam = 5VX9E32K6L;
					};
					37629A5A18D533E600D2EF59 = {
						TestTargetID = 37629A3918D533E600D2EF59;
					};
				};
			};
			buildConfigurationList = 37629A3518D533E600D2EF59 /* Build configuration list for PBXProject "Chat" */;
			compatibilityVersion = "Xcode 3.2";
			developmentRegion = English;
			hasScannedForEncodings = 0;
			knownRegions = (
				en,
				Base,
			);
			mainGroup = 37629A3118D533E600D2EF59;
			productRefGroup = 37629A3B18D533E600D2EF59 /* Products */;
			projectDirPath = "";
			projectRoot = "";
			targets = (
				37629A3918D533E600D2EF59 /* Chat */,
				37629A5A18D533E600D2EF59 /* ChatTests */,
			);
		};
/* End PBXProject section */

/* Begin PBXResourcesBuildPhase section */
		37629A3818D533E600D2EF59 /* Resources */ = {
			isa = PBXResourcesBuildPhase;
			buildActionMask = 2147483647;
			files = (
				37629A5618D533E600D2EF59 /* Images.xcassets in Resources */,
				37629A4818D533E600D2EF59 /* InfoPlist.strings in Resources */,
				37629A5118D533E600D2EF59 /* Main.storyboard in Resources */,
			);
			runOnlyForDeploymentPostprocessing = 0;
		};
		37629A5918D533E600D2EF59 /* Resources */ = {
			isa = PBXResourcesBuildPhase;
			buildActionMask = 2147483647;
			files = (
				37629A6718D533E600D2EF59 /* InfoPlist.strings in Resources */,
			);
			runOnlyForDeploymentPostprocessing = 0;
		};
/* End PBXResourcesBuildPhase section */

/* Begin PBXSourcesBuildPhase section */
		37629A3618D533E600D2EF59 /* Sources */ = {
			isa = PBXSourcesBuildPhase;
			buildActionMask = 2147483647;
			files = (
				37629A4A18D533E600D2EF59 /* main.m in Sources */,
				37629A4E18D533E600D2EF59 /* AMBAppDelegate.m in Sources */,
				37629A5418D533E600D2EF59 /* AMBViewController.m in Sources */,
			);
			runOnlyForDeploymentPostprocessing = 0;
		};
		37629A5718D533E600D2EF59 /* Sources */ = {
			isa = PBXSourcesBuildPhase;
			buildActionMask = 2147483647;
			files = (
				37629A6918D533E600D2EF59 /* ChatTests.m in Sources */,
			);
			runOnlyForDeploymentPostprocessing = 0;
		};
/* End PBXSourcesBuildPhase section */

/* Begin PBXTargetDependency section */
		37629A6118D533E600D2EF59 /* PBXTargetDependency */ = {
			isa = PBXTargetDependency;
			target = 37629A3918D533E600D2EF59 /* Chat */;
			targetProxy = 37629A6018D533E600D2EF59 /* PBXContainerItemProxy */;
		};
/* End PBXTargetDependency section */

/* Begin PBXVariantGroup section */
		37629A4618D533E600D2EF59 /* InfoPlist.strings */ = {
			isa = PBXVariantGroup;
			children = (
				37629A4718D533E600D2EF59 /* en */,
			);
			name = InfoPlist.strings;
			sourceTree = "<group>";
		};
		37629A4F18D533E600D2EF59 /* Main.storyboard */ = {
			isa = PBXVariantGroup;
			children = (
				37629A5018D533E600D2EF59 /* Base */,
			);
			name = Main.storyboard;
			sourceTree = "<group>";
		};
		37629A6518D533E600D2EF59 /* InfoPlist.strings */ = {
			isa = PBXVariantGroup;
			children = (
				37629A6618D533E600D2EF59 /* en */,
			);
			name = InfoPlist.strings;
			sourceTree = "<group>";
		};
/* End PBXVariantGroup section */

/* Begin XCBuildConfiguration section */
		37629A6A18D533E600D2EF59 /* Debug */ = {
			isa = XCBuildConfiguration;
			buildSettings = {
				ALWAYS_SEARCH_USER_PATHS = NO;
				CLANG_CXX_LANGUAGE_STANDARD = "gnu++0x";
				CLANG_CXX_LIBRARY = "libc++";
				CLANG_ENABLE_MODULES = YES;
				CLANG_ENABLE_OBJC_ARC = YES;
				CLANG_WARN_BOOL_CONVERSION = YES;
				CLANG_WARN_CONSTANT_CONVERSION = YES;
				CLANG_WARN_DIRECT_OBJC_ISA_USAGE = YES_ERROR;
				CLANG_WARN_EMPTY_BODY = YES;
				CLANG_WARN_ENUM_CONVERSION = YES;
				CLANG_WARN_INT_CONVERSION = YES;
				CLANG_WARN_OBJC_ROOT_CLASS = YES_ERROR;
				CLANG_WARN__DUPLICATE_METHOD_MATCH = YES;
				"CODE_SIGN_IDENTITY[sdk=iphoneos*]" = "iPhone Developer";
				COPY_PHASE_STRIP = NO;
				GCC_C_LANGUAGE_STANDARD = gnu99;
				GCC_DYNAMIC_NO_PIC = NO;
				GCC_OPTIMIZATION_LEVEL = 0;
				GCC_PREPROCESSOR_DEFINITIONS = (
					"DEBUG=1",
					"$(inherited)",
				);
				GCC_SYMBOLS_PRIVATE_EXTERN = NO;
				GCC_WARN_64_TO_32_BIT_CONVERSION = YES;
				GCC_WARN_ABOUT_RETURN_TYPE = YES_ERROR;
				GCC_WARN_UNDECLARED_SELECTOR = YES;
				GCC_WARN_UNINITIALIZED_AUTOS = YES_AGGRESSIVE;
				GCC_WARN_UNUSED_FUNCTION = YES;
				GCC_WARN_UNUSED_VARIABLE = YES;
				IPHONEOS_DEPLOYMENT_TARGET = 7.1;
				ONLY_ACTIVE_ARCH = YES;
				SDKROOT = iphoneos;
			};
			name = Debug;
		};
		37629A6B18D533E600D2EF59 /* Release */ = {
			isa = XCBuildConfiguration;
			buildSettings = {
				ALWAYS_SEARCH_USER_PATHS = NO;
				CLANG_CXX_LANGUAGE_STANDARD = "gnu++0x";
				CLANG_CXX_LIBRARY = "libc++";
				CLANG_ENABLE_MODULES = YES;
				CLANG_ENABLE_OBJC_ARC = YES;
				CLANG_WARN_BOOL_CONVERSION = YES;
				CLANG_WARN_CONSTANT_CONVERSION = YES;
				CLANG_WARN_DIRECT_OBJC_ISA_USAGE = YES_ERROR;
				CLANG_WARN_EMPTY_BODY = YES;
				CLANG_WARN_ENUM_CONVERSION = YES;
				CLANG_WARN_INT_CONVERSION = YES;
				CLANG_WARN_OBJC_ROOT_CLASS = YES_ERROR;
				CLANG_WARN__DUPLICATE_METHOD_MATCH = YES;
				"CODE_SIGN_IDENTITY[sdk=iphoneos*]" = "iPhone Developer";
				COPY_PHASE_STRIP = YES;
				ENABLE_NS_ASSERTIONS = NO;
				GCC_C_LANGUAGE_STANDARD = gnu99;
				GCC_WARN_64_TO_32_BIT_CONVERSION = YES;
				GCC_WARN_ABOUT_RETURN_TYPE = YES_ERROR;
				GCC_WARN_UNDECLARED_SELECTOR = YES;
				GCC_WARN_UNINITIALIZED_AUTOS = YES_AGGRESSIVE;
				GCC_WARN_UNUSED_FUNCTION = YES;
				GCC_WARN_UNUSED_VARIABLE = YES;
				IPHONEOS_DEPLOYMENT_TARGET = 7.1;
				SDKROOT = iphoneos;
				VALIDATE_PRODUCT = YES;
			};
			name = Release;
		};
		37629A6D18D533E600D2EF59 /* Debug */ = {
			isa = XCBuildConfiguration;
			buildSettings = {
				ASSETCATALOG_COMPILER_APPICON_NAME = AppIcon;
				ASSETCATALOG_COMPILER_LAUNCHIMAGE_NAME = LaunchImage;
				CODE_SIGN_IDENTITY = "Apple Development IOS Push Services: AndMobility.Chat";
				FRAMEWORK_SEARCH_PATHS = (
					"$(inherited)",
					"$(PROJECT_DIR)",
				);
				GCC_PRECOMPILE_PREFIX_HEADER = YES;
				GCC_PREFIX_HEADER = "Chat/Chat-Prefix.pch";
				INFOPLIST_FILE = "Chat/Chat-Info.plist";
				PRODUCT_NAME = "$(TARGET_NAME)";
				WRAPPER_EXTENSION = app;
			};
			name = Debug;
		};
		37629A6E18D533E600D2EF59 /* Release */ = {
			isa = XCBuildConfiguration;
			buildSettings = {
				ASSETCATALOG_COMPILER_APPICON_NAME = AppIcon;
				ASSETCATALOG_COMPILER_LAUNCHIMAGE_NAME = LaunchImage;
				CODE_SIGN_IDENTITY = "Apple Development IOS Push Services: AndMobility.Chat";
				FRAMEWORK_SEARCH_PATHS = (
					"$(inherited)",
					"$(PROJECT_DIR)",
				);
				GCC_PRECOMPILE_PREFIX_HEADER = YES;
				GCC_PREFIX_HEADER = "Chat/Chat-Prefix.pch";
				INFOPLIST_FILE = "Chat/Chat-Info.plist";
				PRODUCT_NAME = "$(TARGET_NAME)";
				WRAPPER_EXTENSION = app;
			};
			name = Release;
		};
		37629A7018D533E600D2EF59 /* Debug */ = {
			isa = XCBuildConfiguration;
			buildSettings = {
				BUNDLE_LOADER = "$(BUILT_PRODUCTS_DIR)/Chat.app/Chat";
				FRAMEWORK_SEARCH_PATHS = (
					"$(SDKROOT)/Developer/Library/Frameworks",
					"$(inherited)",
					"$(DEVELOPER_FRAMEWORKS_DIR)",
				);
				GCC_PRECOMPILE_PREFIX_HEADER = YES;
				GCC_PREFIX_HEADER = "Chat/Chat-Prefix.pch";
				GCC_PREPROCESSOR_DEFINITIONS = (
					"DEBUG=1",
					"$(inherited)",
				);
				INFOPLIST_FILE = "ChatTests/ChatTests-Info.plist";
				PRODUCT_NAME = "$(TARGET_NAME)";
				TEST_HOST = "$(BUNDLE_LOADER)";
				WRAPPER_EXTENSION = xctest;
			};
			name = Debug;
		};
		37629A7118D533E600D2EF59 /* Release */ = {
			isa = XCBuildConfiguration;
			buildSettings = {
				BUNDLE_LOADER = "$(BUILT_PRODUCTS_DIR)/Chat.app/Chat";
				FRAMEWORK_SEARCH_PATHS = (
					"$(SDKROOT)/Developer/Library/Frameworks",
					"$(inherited)",
					"$(DEVELOPER_FRAMEWORKS_DIR)",
				);
				GCC_PRECOMPILE_PREFIX_HEADER = YES;
				GCC_PREFIX_HEADER = "Chat/Chat-Prefix.pch";
				INFOPLIST_FILE = "ChatTests/ChatTests-Info.plist";
				PRODUCT_NAME = "$(TARGET_NAME)";
				TEST_HOST = "$(BUNDLE_LOADER)";
				WRAPPER_EXTENSION = xctest;
			};
			name = Release;
		};
/* End XCBuildConfiguration section */

/* Begin XCConfigurationList section */
		37629A3518D533E600D2EF59 /* Build configuration list for PBXProject "Chat" */ = {
			isa = XCConfigurationList;
			buildConfigurations = (
				37629A6A18D533E600D2EF59 /* Debug */,
				37629A6B18D533E600D2EF59 /* Release */,
			);
			defaultConfigurationIsVisible = 0;
			defaultConfigurationName = Release;
		};
		37629A6C18D533E600D2EF59 /* Build configuration list for PBXNativeTarget "Chat" */ = {
			isa = XCConfigurationList;
			buildConfigurations = (
				37629A6D18D533E600D2EF59 /* Debug */,
				37629A6E18D533E600D2EF59 /* Release */,
			);
			defaultConfigurationIsVisible = 0;
			defaultConfigurationName = Release;
		};
		37629A6F18D533E600D2EF59 /* Build configuration list for PBXNativeTarget "ChatTests" */ = {
			isa = XCConfigurationList;
			buildConfigurations = (
				37629A7018D533E600D2EF59 /* Debug */,
				37629A7118D533E600D2EF59 /* Release */,
			);
			defaultConfigurationIsVisible = 0;
			defaultConfigurationName = Release;
		};
/* End XCConfigurationList section */
	};
	rootObject = 37629A3218D533E600D2EF59 /* Project object */;
}
